
Microsoft Visual Studio Solution File, Format Version 12.00
# Visual Studio Version 17
VisualStudioVersion = 17.7.34003.232
MinimumVisualStudioVersion = 10.0.40219.1
Project("{FAE04EC0-301F-11D3-BF4B-00C04F79EFBC}") = "mp3v5p3.Server", "mp3v5p3\Server\mp3v5p3.Server.csproj", "{B66574DB-8BEE-473C-B38B-5C8279C54E9B}"
EndProject
Project("{FAE04EC0-301F-11D3-BF4B-00C04F79EFBC}") = "mp3v5p3.Client", "mp3v5p3\Client\mp3v5p3.Client.csproj", "{F3EDF5EA-CB4A-40B3-8EBF-833264C4BEC9}"
EndProject
Project("{FAE04EC0-301F-11D3-BF4B-00C04F79EFBC}") = "mp3v5p3.Shared", "mp3v5p3\Shared\mp3v5p3.Shared.csproj", "{2D38B7FE-AC83-4854-8CF1-040100D53633}"
EndProject
Global
	GlobalSection(SolutionConfigurationPlatforms) = preSolution
		Debug|Any CPU = Debug|Any CPU
		Release|Any CPU = Release|Any CPU
	EndGlobalSection
	GlobalSection(ProjectConfigurationPlatforms) = postSolution
		{B66574DB-8BEE-473C-B38B-5C8279C54E9B}.Debug|Any CPU.ActiveCfg = Debug|Any CPU
		{B66574DB-8BEE-473C-B38B-5C8279C54E9B}.Debug|Any CPU.Build.0 = Debug|Any CPU
		{B66574DB-8BEE-473C-B38B-5C8279C54E9B}.Release|Any CPU.ActiveCfg = Release|Any CPU
		{B66574DB-8BEE-473C-B38B-5C8279C54E9B}.Release|Any CPU.Build.0 = Release|Any CPU
		{F3EDF5EA-CB4A-40B3-8EBF-833264C4BEC9}.Debug|Any CPU.ActiveCfg = Debug|Any CPU
		{F3EDF5EA-CB4A-40B3-8EBF-833264C4BEC9}.Debug|Any CPU.Build.0 = Debug|Any CPU
		{F3EDF5EA-CB4A-40B3-8EBF-833264C4BEC9}.Release|Any CPU.ActiveCfg = Release|Any CPU
		{F3EDF5EA-CB4A-40B3-8EBF-833264C4BEC9}.Release|Any CPU.Build.0 = Release|Any CPU
		{2D38B7FE-AC83-4854-8CF1-040100D53633}.Debug|Any CPU.ActiveCfg = Debug|Any CPU
		{2D38B7FE-AC83-4854-8CF1-040100D53633}.Debug|Any CPU.Build.0 = Debug|Any CPU
		{2D38B7FE-AC83-4854-8CF1-040100D53633}.Release|Any CPU.ActiveCfg = Release|Any CPU
		{2D38B7FE-AC83-4854-8CF1-040100D53633}.Release|Any CPU.Build.0 = Release|Any CPU
	EndGlobalSection
	GlobalSection(SolutionProperties) = preSolution
		HideSolutionNode = FALSE
	EndGlobalSection
	GlobalSection(ExtensibilityGlobals) = postSolution
		SolutionGuid = {8A2E7CAD-1537-49E5-99BF-3CEADCAC9ECA}
	EndGlobalSection
EndGlobal
